
Microsoft Visual Studio Solution File, Format Version 12.00
# Visual Studio Version 16
VisualStudioVersion = 16.0.29324.140
MinimumVisualStudioVersion = 10.0.40219.1
Project("{FAE04EC0-301F-11D3-BF4B-00C04F79EFBC}") = "XFVisual.UWP", "XFVisual\XFVisual.UWP\XFVisual.UWP.csproj", "{D5175557-1626-4C7A-BFF6-577E723C235A}"
EndProject
Project("{FAE04EC0-301F-11D3-BF4B-00C04F79EFBC}") = "XFVisual.Android", "XFVisual\XFVisual.Android\XFVisual.Android.csproj", "{57C8DBBB-0842-42FD-9FBE-A542A3CA1BF0}"
EndProject
Project("{FAE04EC0-301F-11D3-BF4B-00C04F79EFBC}") = "XFVisual.iOS", "XFVisual\XFVisual.iOS\XFVisual.iOS.csproj", "{EF990D1E-3982-4C77-BEB7-0252ED882F7B}"
EndProject
Project("{FAE04EC0-301F-11D3-BF4B-00C04F79EFBC}") = "XFVisual", "XFVisual\XFVisual\XFVisual.csproj", "{0F18D765-BC19-4225-A1EE-6AC7B7D66341}"
EndProject
Global
	GlobalSection(SolutionConfigurationPlatforms) = preSolution
		Debug|Any CPU = Debug|Any CPU
		Debug|ARM = Debug|ARM
		Debug|iPhone = Debug|iPhone
		Debug|iPhoneSimulator = Debug|iPhoneSimulator
		Debug|x64 = Debug|x64
		Debug|x86 = Debug|x86
		Release|Any CPU = Release|Any CPU
		Release|ARM = Release|ARM
		Release|iPhone = Release|iPhone
		Release|iPhoneSimulator = Release|iPhoneSimulator
		Release|x64 = Release|x64
		Release|x86 = Release|x86
	EndGlobalSection
	GlobalSection(ProjectConfigurationPlatforms) = postSolution
		{D5175557-1626-4C7A-BFF6-577E723C235A}.Debug|Any CPU.ActiveCfg = Debug|x86
		{D5175557-1626-4C7A-BFF6-577E723C235A}.Debug|Any CPU.Build.0 = Debug|x86
		{D5175557-1626-4C7A-BFF6-577E723C235A}.Debug|Any CPU.Deploy.0 = Debug|x86
		{D5175557-1626-4C7A-BFF6-577E723C235A}.Debug|ARM.ActiveCfg = Debug|ARM
		{D5175557-1626-4C7A-BFF6-577E723C235A}.Debug|ARM.Build.0 = Debug|ARM
		{D5175557-1626-4C7A-BFF6-577E723C235A}.Debug|ARM.Deploy.0 = Debug|ARM
		{D5175557-1626-4C7A-BFF6-577E723C235A}.Debug|iPhone.ActiveCfg = Debug|x86
		{D5175557-1626-4C7A-BFF6-577E723C235A}.Debug|iPhone.Build.0 = Debug|x86
		{D5175557-1626-4C7A-BFF6-577E723C235A}.Debug|iPhone.Deploy.0 = Debug|x86
		{D5175557-1626-4C7A-BFF6-577E723C235A}.Debug|iPhoneSimulator.ActiveCfg = Debug|x86
		{D5175557-1626-4C7A-BFF6-577E723C235A}.Debug|iPhoneSimulator.Build.0 = Debug|x86
		{D5175557-1626-4C7A-BFF6-577E723C235A}.Debug|iPhoneSimulator.Deploy.0 = Debug|x86
		{D5175557-1626-4C7A-BFF6-577E723C235A}.Debug|x64.ActiveCfg = Debug|x64
		{D5175557-1626-4C7A-BFF6-577E723C235A}.Debug|x64.Build.0 = Debug|x64
		{D5175557-1626-4C7A-BFF6-577E723C235A}.Debug|x64.Deploy.0 = Debug|x64
		{D5175557-1626-4C7A-BFF6-577E723C235A}.Debug|x86.ActiveCfg = Debug|x86
		{D5175557-1626-4C7A-BFF6-577E723C235A}.Debug|x86.Build.0 = Debug|x86
		{D5175557-1626-4C7A-BFF6-577E723C235A}.Debug|x86.Deploy.0 = Debug|x86
		{D5175557-1626-4C7A-BFF6-577E723C235A}.Release|Any CPU.ActiveCfg = Release|x86
		{D5175557-1626-4C7A-BFF6-577E723C235A}.Release|Any CPU.Build.0 = Release|x86
		{D5175557-1626-4C7A-BFF6-577E723C235A}.Release|Any CPU.Deploy.0 = Release|x86
		{D5175557-1626-4C7A-BFF6-577E723C235A}.Release|ARM.ActiveCfg = Release|ARM
		{D5175557-1626-4C7A-BFF6-577E723C235A}.Release|ARM.Build.0 = Release|ARM
		{D5175557-1626-4C7A-BFF6-577E723C235A}.Release|ARM.Deploy.0 = Release|ARM
		{D5175557-1626-4C7A-BFF6-577E723C235A}.Release|iPhone.ActiveCfg = Release|x86
		{D5175557-1626-4C7A-BFF6-577E723C235A}.Release|iPhone.Build.0 = Release|x86
		{D5175557-1626-4C7A-BFF6-577E723C235A}.Release|iPhone.Deploy.0 = Release|x86
		{D5175557-1626-4C7A-BFF6-577E723C235A}.Release|iPhoneSimulator.ActiveCfg = Release|x86
		{D5175557-1626-4C7A-BFF6-577E723C235A}.Release|iPhoneSimulator.Build.0 = Release|x86
		{D5175557-1626-4C7A-BFF6-577E723C235A}.Release|iPhoneSimulator.Deploy.0 = Release|x86
		{D5175557-1626-4C7A-BFF6-577E723C235A}.Release|x64.ActiveCfg = Release|x64
		{D5175557-1626-4C7A-BFF6-577E723C235A}.Release|x64.Build.0 = Release|x64
		{D5175557-1626-4C7A-BFF6-577E723C235A}.Release|x64.Deploy.0 = Release|x64
		{D5175557-1626-4C7A-BFF6-577E723C235A}.Release|x86.ActiveCfg = Release|x86
		{D5175557-1626-4C7A-BFF6-577E723C235A}.Release|x86.Build.0 = Release|x86
		{D5175557-1626-4C7A-BFF6-577E723C235A}.Release|x86.Deploy.0 = Release|x86
		{57C8DBBB-0842-42FD-9FBE-A542A3CA1BF0}.Debug|Any CPU.ActiveCfg = Debug|Any CPU
		{57C8DBBB-0842-42FD-9FBE-A542A3CA1BF0}.Debug|Any CPU.Build.0 = Debug|Any CPU
		{57C8DBBB-0842-42FD-9FBE-A542A3CA1BF0}.Debug|Any CPU.Deploy.0 = Debug|Any CPU
		{57C8DBBB-0842-42FD-9FBE-A542A3CA1BF0}.Debug|ARM.ActiveCfg = Debug|Any CPU
		{57C8DBBB-0842-42FD-9FBE-A542A3CA1BF0}.Debug|ARM.Build.0 = Debug|Any CPU
		{57C8DBBB-0842-42FD-9FBE-A542A3CA1BF0}.Debug|ARM.Deploy.0 = Debug|Any CPU
		{57C8DBBB-0842-42FD-9FBE-A542A3CA1BF0}.Debug|iPhone.ActiveCfg = Debug|Any CPU
		{57C8DBBB-0842-42FD-9FBE-A542A3CA1BF0}.Debug|iPhone.Build.0 = Debug|Any CPU
		{57C8DBBB-0842-42FD-9FBE-A542A3CA1BF0}.Debug|iPhone.Deploy.0 = Debug|Any CPU
		{57C8DBBB-0842-42FD-9FBE-A542A3CA1BF0}.Debug|iPhoneSimulator.ActiveCfg = Debug|Any CPU
		{57C8DBBB-0842-42FD-9FBE-A542A3CA1BF0}.Debug|iPhoneSimulator.Build.0 = Debug|Any CPU
		{57C8DBBB-0842-42FD-9FBE-A542A3CA1BF0}.Debug|iPhoneSimulator.Deploy.0 = Debug|Any CPU
		{57C8DBBB-0842-42FD-9FBE-A542A3CA1BF0}.Debug|x64.ActiveCfg = Debug|Any CPU
		{57C8DBBB-0842-42FD-9FBE-A542A3CA1BF0}.Debug|x64.Build.0 = Debug|Any CPU
		{57C8DBBB-0842-42FD-9FBE-A542A3CA1BF0}.Debug|x64.Deploy.0 = Debug|Any CPU
		{57C8DBBB-0842-42FD-9FBE-A542A3CA1BF0}.Debug|x86.ActiveCfg = Debug|Any CPU
		{57C8DBBB-0842-42FD-9FBE-A542A3CA1BF0}.Debug|x86.Build.0 = Debug|Any CPU
		{57C8DBBB-0842-42FD-9FBE-A542A3CA1BF0}.Debug|x86.Deploy.0 = Debug|Any CPU
		{57C8DBBB-0842-42FD-9FBE-A542A3CA1BF0}.Release|Any CPU.ActiveCfg = Release|Any CPU
		{57C8DBBB-0842-42FD-9FBE-A542A3CA1BF0}.Release|Any CPU.Build.0 = Release|Any CPU
		{57C8DBBB-0842-42FD-9FBE-A542A3CA1BF0}.Release|Any CPU.Deploy.0 = Release|Any CPU
		{57C8DBBB-0842-42FD-9FBE-A542A3CA1BF0}.Release|ARM.ActiveCfg = Release|Any CPU
		{57C8DBBB-0842-42FD-9FBE-A542A3CA1BF0}.Release|ARM.Build.0 = Release|Any CPU
		{57C8DBBB-0842-42FD-9FBE-A542A3CA1BF0}.Release|ARM.Deploy.0 = Release|Any CPU
		{57C8DBBB-0842-42FD-9FBE-A542A3CA1BF0}.Release|iPhone.ActiveCfg = Release|Any CPU
		{57C8DBBB-0842-42FD-9FBE-A542A3CA1BF0}.Release|iPhone.Build.0 = Release|Any CPU
		{57C8DBBB-0842-42FD-9FBE-A542A3CA1BF0}.Release|iPhone.Deploy.0 = Release|Any CPU
		{57C8DBBB-0842-42FD-9FBE-A542A3CA1BF0}.Release|iPhoneSimulator.ActiveCfg = Release|Any CPU
		{57C8DBBB-0842-42FD-9FBE-A542A3CA1BF0}.Release|iPhoneSimulator.Build.0 = Release|Any CPU
		{57C8DBBB-0842-42FD-9FBE-A542A3CA1BF0}.Release|iPhoneSimulator.Deploy.0 = Release|Any CPU
		{57C8DBBB-0842-42FD-9FBE-A542A3CA1BF0}.Release|x64.ActiveCfg = Release|Any CPU
		{57C8DBBB-0842-42FD-9FBE-A542A3CA1BF0}.Release|x64.Build.0 = Release|Any CPU
		{57C8DBBB-0842-42FD-9FBE-A542A3CA1BF0}.Release|x64.Deploy.0 = Release|Any CPU
		{57C8DBBB-0842-42FD-9FBE-A542A3CA1BF0}.Release|x86.ActiveCfg = Release|Any CPU
		{57C8DBBB-0842-42FD-9FBE-A542A3CA1BF0}.Release|x86.Build.0 = Release|Any CPU
		{57C8DBBB-0842-42FD-9FBE-A542A3CA1BF0}.Release|x86.Deploy.0 = Release|Any CPU
		{EF990D1E-3982-4C77-BEB7-0252ED882F7B}.Debug|Any CPU.ActiveCfg = Debug|iPhone
		{EF990D1E-3982-4C77-BEB7-0252ED882F7B}.Debug|Any CPU.Build.0 = Debug|iPhone
		{EF990D1E-3982-4C77-BEB7-0252ED882F7B}.Debug|Any CPU.Deploy.0 = Debug|iPhone
		{EF990D1E-3982-4C77-BEB7-0252ED882F7B}.Debug|ARM.ActiveCfg = Debug|iPhoneSimulator
		{EF990D1E-3982-4C77-BEB7-0252ED882F7B}.Debug|ARM.Build.0 = Debug|iPhoneSimulator
		{EF990D1E-3982-4C77-BEB7-0252ED882F7B}.Debug|ARM.Deploy.0 = Debug|iPhoneSimulator
		{EF990D1E-3982-4C77-BEB7-0252ED882F7B}.Debug|iPhone.ActiveCfg = Debug|iPhone
		{EF990D1E-3982-4C77-BEB7-0252ED882F7B}.Debug|iPhone.Build.0 = Debug|iPhone
		{EF990D1E-3982-4C77-BEB7-0252ED882F7B}.Debug|iPhone.Deploy.0 = Debug|iPhone
		{EF990D1E-3982-4C77-BEB7-0252ED882F7B}.Debug|iPhoneSimulator.ActiveCfg = Debug|iPhoneSimulator
		{EF990D1E-3982-4C77-BEB7-0252ED882F7B}.Debug|iPhoneSimulator.Build.0 = Debug|iPhoneSimulator
		{EF990D1E-3982-4C77-BEB7-0252ED882F7B}.Debug|iPhoneSimulator.Deploy.0 = Debug|iPhoneSimulator
		{EF990D1E-3982-4C77-BEB7-0252ED882F7B}.Debug|x64.ActiveCfg = Debug|iPhone
		{EF990D1E-3982-4C77-BEB7-0252ED882F7B}.Debug|x64.Build.0 = Debug|iPhone
		{EF990D1E-3982-4C77-BEB7-0252ED882F7B}.Debug|x64.Deploy.0 = Debug|iPhone
		{EF990D1E-3982-4C77-BEB7-0252ED882F7B}.Debug|x86.ActiveCfg = Debug|iPhone
		{EF990D1E-3982-4C77-BEB7-0252ED882F7B}.Debug|x86.Build.0 = Debug|iPhone
		{EF990D1E-3982-4C77-BEB7-0252ED882F7B}.Debug|x86.Deploy.0 = Debug|iPhone
		{EF990D1E-3982-4C77-BEB7-0252ED882F7B}.Release|Any CPU.ActiveCfg = Release|iPhone
		{EF990D1E-3982-4C77-BEB7-0252ED882F7B}.Release|Any CPU.Build.0 = Release|iPhone
		{EF990D1E-3982-4C77-BEB7-0252ED882F7B}.Release|Any CPU.Deploy.0 = Release|iPhone
		{EF990D1E-3982-4C77-BEB7-0252ED882F7B}.Release|ARM.ActiveCfg = Release|iPhone
		{EF990D1E-3982-4C77-BEB7-0252ED882F7B}.Release|ARM.Build.0 = Release|iPhone
		{EF990D1E-3982-4C77-BEB7-0252ED882F7B}.Release|ARM.Deploy.0 = Release|iPhone
		{EF990D1E-3982-4C77-BEB7-0252ED882F7B}.Release|iPhone.ActiveCfg = Release|iPhone
		{EF990D1E-3982-4C77-BEB7-0252ED882F7B}.Release|iPhone.Build.0 = Release|iPhone
		{EF990D1E-3982-4C77-BEB7-0252ED882F7B}.Release|iPhone.Deploy.0 = Release|iPhone
		{EF990D1E-3982-4C77-BEB7-0252ED882F7B}.Release|iPhoneSimulator.ActiveCfg = Release|iPhoneSimulator
		{EF990D1E-3982-4C77-BEB7-0252ED882F7B}.Release|iPhoneSimulator.Build.0 = Release|iPhoneSimulator
		{EF990D1E-3982-4C77-BEB7-0252ED882F7B}.Release|iPhoneSimulator.Deploy.0 = Release|iPhoneSimulator
		{EF990D1E-3982-4C77-BEB7-0252ED882F7B}.Release|x64.ActiveCfg = Release|iPhone
		{EF990D1E-3982-4C77-BEB7-0252ED882F7B}.Release|x64.Build.0 = Release|iPhone
		{EF990D1E-3982-4C77-BEB7-0252ED882F7B}.Release|x64.Deploy.0 = Release|iPhone
		{EF990D1E-3982-4C77-BEB7-0252ED882F7B}.Release|x86.ActiveCfg = Release|iPhone
		{EF990D1E-3982-4C77-BEB7-0252ED882F7B}.Release|x86.Build.0 = Release|iPhone
		{EF990D1E-3982-4C77-BEB7-0252ED882F7B}.Release|x86.Deploy.0 = Release|iPhone
		{0F18D765-BC19-4225-A1EE-6AC7B7D66341}.Debug|Any CPU.ActiveCfg = Debug|Any CPU
		{0F18D765-BC19-4225-A1EE-6AC7B7D66341}.Debug|Any CPU.Build.0 = Debug|Any CPU
		{0F18D765-BC19-4225-A1EE-6AC7B7D66341}.Debug|Any CPU.Deploy.0 = Debug|Any CPU
		{0F18D765-BC19-4225-A1EE-6AC7B7D66341}.Debug|ARM.ActiveCfg = Debug|Any CPU
		{0F18D765-BC19-4225-A1EE-6AC7B7D66341}.Debug|ARM.Build.0 = Debug|Any CPU
		{0F18D765-BC19-4225-A1EE-6AC7B7D66341}.Debug|ARM.Deploy.0 = Debug|Any CPU
		{0F18D765-BC19-4225-A1EE-6AC7B7D66341}.Debug|iPhone.ActiveCfg = Debug|Any CPU
		{0F18D765-BC19-4225-A1EE-6AC7B7D66341}.Debug|iPhone.Build.0 = Debug|Any CPU
		{0F18D765-BC19-4225-A1EE-6AC7B7D66341}.Debug|iPhone.Deploy.0 = Debug|Any CPU
		{0F18D765-BC19-4225-A1EE-6AC7B7D66341}.Debug|iPhoneSimulator.ActiveCfg = Debug|Any CPU
		{0F18D765-BC19-4225-A1EE-6AC7B7D66341}.Debug|iPhoneSimulator.Build.0 = Debug|Any CPU
		{0F18D765-BC19-4225-A1EE-6AC7B7D66341}.Debug|iPhoneSimulator.Deploy.0 = Debug|Any CPU
		{0F18D765-BC19-4225-A1EE-6AC7B7D66341}.Debug|x64.ActiveCfg = Debug|Any CPU
		{0F18D765-BC19-4225-A1EE-6AC7B7D66341}.Debug|x64.Build.0 = Debug|Any CPU
		{0F18D765-BC19-4225-A1EE-6AC7B7D66341}.Debug|x64.Deploy.0 = Debug|Any CPU
		{0F18D765-BC19-4225-A1EE-6AC7B7D66341}.Debug|x86.ActiveCfg = Debug|Any CPU
		{0F18D765-BC19-4225-A1EE-6AC7B7D66341}.Debug|x86.Build.0 = Debug|Any CPU
		{0F18D765-BC19-4225-A1EE-6AC7B7D66341}.Debug|x86.Deploy.0 = Debug|Any CPU
		{0F18D765-BC19-4225-A1EE-6AC7B7D66341}.Release|Any CPU.ActiveCfg = Release|Any CPU
		{0F18D765-BC19-4225-A1EE-6AC7B7D66341}.Release|Any CPU.Build.0 = Release|Any CPU
		{0F18D765-BC19-4225-A1EE-6AC7B7D66341}.Release|Any CPU.Deploy.0 = Release|Any CPU
		{0F18D765-BC19-4225-A1EE-6AC7B7D66341}.Release|ARM.ActiveCfg = Release|Any CPU
		{0F18D765-BC19-4225-A1EE-6AC7B7D66341}.Release|ARM.Build.0 = Release|Any CPU
		{0F18D765-BC19-4225-A1EE-6AC7B7D66341}.Release|ARM.Deploy.0 = Release|Any CPU
		{0F18D765-BC19-4225-A1EE-6AC7B7D66341}.Release|iPhone.ActiveCfg = Release|Any CPU
		{0F18D765-BC19-4225-A1EE-6AC7B7D66341}.Release|iPhone.Build.0 = Release|Any CPU
		{0F18D765-BC19-4225-A1EE-6AC7B7D66341}.Release|iPhone.Deploy.0 = Release|Any CPU
		{0F18D765-BC19-4225-A1EE-6AC7B7D66341}.Release|iPhoneSimulator.ActiveCfg = Release|Any CPU
		{0F18D765-BC19-4225-A1EE-6AC7B7D66341}.Release|iPhoneSimulator.Build.0 = Release|Any CPU
		{0F18D765-BC19-4225-A1EE-6AC7B7D66341}.Release|iPhoneSimulator.Deploy.0 = Release|Any CPU
		{0F18D765-BC19-4225-A1EE-6AC7B7D66341}.Release|x64.ActiveCfg = Release|Any CPU
		{0F18D765-BC19-4225-A1EE-6AC7B7D66341}.Release|x64.Build.0 = Release|Any CPU
		{0F18D765-BC19-4225-A1EE-6AC7B7D66341}.Release|x64.Deploy.0 = Release|Any CPU
		{0F18D765-BC19-4225-A1EE-6AC7B7D66341}.Release|x86.ActiveCfg = Release|Any CPU
		{0F18D765-BC19-4225-A1EE-6AC7B7D66341}.Release|x86.Build.0 = Release|Any CPU
		{0F18D765-BC19-4225-A1EE-6AC7B7D66341}.Release|x86.Deploy.0 = Release|Any CPU
	EndGlobalSection
	GlobalSection(SolutionProperties) = preSolution
		HideSolutionNode = FALSE
	EndGlobalSection
	GlobalSection(ExtensibilityGlobals) = postSolution
		SolutionGuid = {54AAF883-17B1-4FC3-943A-30EB9F0F30CB}
	EndGlobalSection
EndGlobal
